
Microsoft Visual Studio Solution File, Format Version 12.00
# Visual Studio Version 17
VisualStudioVersion = 17.5.33530.505
MinimumVisualStudioVersion = 10.0.40219.1
Project("{9A19103F-16F7-4668-BE54-9A1E7A4F7556}") = "AppointmentInfo", "Appointment_API\AppointmentInfo.csproj", "{BF1B648A-FBEF-4807-B76B-E1AFCEC85858}"
EndProject
Global
	GlobalSection(SolutionConfigurationPlatforms) = preSolution
		Debug|Any CPU = Debug|Any CPU
		Release|Any CPU = Release|Any CPU
	EndGlobalSection
	GlobalSection(ProjectConfigurationPlatforms) = postSolution
		{BF1B648A-FBEF-4807-B76B-E1AFCEC85858}.Debug|Any CPU.ActiveCfg = Debug|Any CPU
		{BF1B648A-FBEF-4807-B76B-E1AFCEC85858}.Debug|Any CPU.Build.0 = Debug|Any CPU
		{BF1B648A-FBEF-4807-B76B-E1AFCEC85858}.Release|Any CPU.ActiveCfg = Release|Any CPU
		{BF1B648A-FBEF-4807-B76B-E1AFCEC85858}.Release|Any CPU.Build.0 = Release|Any CPU
	EndGlobalSection
	GlobalSection(SolutionProperties) = preSolution
		HideSolutionNode = FALSE
	EndGlobalSection
	GlobalSection(ExtensibilityGlobals) = postSolution
		SolutionGuid = {4E0FEBC9-E8F2-4C9A-AA86-A2B123B4C2D2}
	EndGlobalSection
EndGlobal
